
Microsoft Visual Studio Solution File, Format Version 12.00
# Visual Studio Version 16
VisualStudioVersion = 16.0.32510.428
MinimumVisualStudioVersion = 10.0.40219.1
Project("{FAE04EC0-301F-11D3-BF4B-00C04F79EFBC}") = "DiscordBOT .NET", "DiscordBOT .NET\DiscordBOT .NET.csproj", "{87FAED22-6D1F-47CF-8108-B9AB3379C588}"
EndProject
Global
	GlobalSection(SolutionConfigurationPlatforms) = preSolution
		Debug|Any CPU = Debug|Any CPU
		Release|Any CPU = Release|Any CPU
	EndGlobalSection
	GlobalSection(ProjectConfigurationPlatforms) = postSolution
		{87FAED22-6D1F-47CF-8108-B9AB3379C588}.Debug|Any CPU.ActiveCfg = Debug|Any CPU
		{87FAED22-6D1F-47CF-8108-B9AB3379C588}.Debug|Any CPU.Build.0 = Debug|Any CPU
		{87FAED22-6D1F-47CF-8108-B9AB3379C588}.Release|Any CPU.ActiveCfg = Release|Any CPU
		{87FAED22-6D1F-47CF-8108-B9AB3379C588}.Release|Any CPU.Build.0 = Release|Any CPU
	EndGlobalSection
	GlobalSection(SolutionProperties) = preSolution
		HideSolutionNode = FALSE
	EndGlobalSection
	GlobalSection(ExtensibilityGlobals) = postSolution
		SolutionGuid = {5294A6FF-A335-442D-B9EF-E3D377344CB2}
	EndGlobalSection
EndGlobal
